// !$*UTF8*$!
{
	archiveVersion = 1;
	classes = {
	};
	objectVersion = 46;
	objects = {

/* Begin PBXBuildFile section */
		42C329881E5BE8A600B2FF84 /* AppDelegate.swift in Sources */ = {isa = PBXBuildFile; fileRef = 42C329871E5BE8A600B2FF84 /* AppDelegate.swift */; };
		42C3298A1E5BE8A600B2FF84 /* ViewController.swift in Sources */ = {isa = PBXBuildFile; fileRef = 42C329891E5BE8A600B2FF84 /* ViewController.swift */; };
		42C3298D1E5BE8A600B2FF84 /* Main.storyboard in Resources */ = {isa = PBXBuildFile; fileRef = 42C3298B1E5BE8A600B2FF84 /* Main.storyboard */; };
		42C3298F1E5BE8A600B2FF84 /* Assets.xcassets in Resources */ = {isa = PBXBuildFile; fileRef = 42C3298E1E5BE8A600B2FF84 /* Assets.xcassets */; };
		42C329921E5BE8A600B2FF84 /* LaunchScreen.storyboard in Resources */ = {isa = PBXBuildFile; fileRef = 42C329901E5BE8A600B2FF84 /* LaunchScreen.storyboard */; };
		42C3299A1E5BE90500B2FF84 /* CustomPicker.swift in Sources */ = {isa = PBXBuildFile; fileRef = 42C329991E5BE90500B2FF84 /* CustomPicker.swift */; };
/* End PBXBuildFile section */

/* Begin PBXFileReference section */
		42C329841E5BE8A600B2FF84 /* CustomPicker.app */ = {isa = PBXFileReference; explicitFileType = wrapper.application; includeInIndex = 0; path = CustomPicker.app; sourceTree = BUILT_PRODUCTS_DIR; };
		42C329871E5BE8A600B2FF84 /* AppDelegate.swift */ = {isa = PBXFileReference; lastKnownFileType = sourcecode.swift; path = AppDelegate.swift; sourceTree = "<group>"; };
		42C329891E5BE8A600B2FF84 /* ViewController.swift */ = {isa = PBXFileReference; lastKnownFileType = sourcecode.swift; path = ViewController.swift; sourceTree = "<group>"; };
		42C3298C1E5BE8A600B2FF84 /* Base */ = {isa = PBXFileReference; lastKnownFileType = file.storyboard; name = Base; path = Base.lproj/Main.storyboard; sourceTree = "<group>"; };
		42C3298E1E5BE8A600B2FF84 /* Assets.xcassets */ = {isa = PBXFileReference; lastKnownFileType = folder.assetcatalog; path = Assets.xcassets; sourceTree = "<group>"; };
		42C329911E5BE8A600B2FF84 /* Base */ = {isa = PBXFileReference; lastKnownFileType = file.storyboard; name = Base; path = Base.lproj/LaunchScreen.storyboard; sourceTree = "<group>"; };
		42C329931E5BE8A600B2FF84 /* Info.plist */ = {isa = PBXFileReference; lastKnownFileType = text.plist.xml; path = Info.plist; sourceTree = "<group>"; };
		42C329991E5BE90500B2FF84 /* CustomPicker.swift */ = {isa = PBXFileReference; fileEncoding = 4; lastKnownFileType = sourcecode.swift; path = CustomPicker.swift; sourceTree = "<group>"; };
/* End PBXFileReference section */

/* Begin PBXFrameworksBuildPhase section */
		42C329811E5BE8A600B2FF84 /* Frameworks */ = {
			isa = PBXFrameworksBuildPhase;
			buildActionMask = 2147483647;
			files = (
			);
			runOnlyForDeploymentPostprocessing = 0;
		};
/* End PBXFrameworksBuildPhase section */

/* Begin PBXGroup section */
		42C3297B1E5BE8A600B2FF84 = {
			isa = PBXGroup;
			children = (
				42C329861E5BE8A600B2FF84 /* CustomPicker */,
				42C329851E5BE8A600B2FF84 /* Products */,
			);
			sourceTree = "<group>";
		};
		42C329851E5BE8A600B2FF84 /* Products */ = {
			isa = PBXGroup;
			children = (
				42C329841E5BE8A600B2FF84 /* CustomPicker.app */,
			);
			name = Products;
			sourceTree = "<group>";
		};
		42C329861E5BE8A600B2FF84 /* CustomPicker */ = {
			isa = PBXGroup;
			children = (
				42C329871E5BE8A600B2FF84 /* AppDelegate.swift */,
				42C329891E5BE8A600B2FF84 /* ViewController.swift */,
				42C3298B1E5BE8A600B2FF84 /* Main.storyboard */,
				42C3298E1E5BE8A600B2FF84 /* Assets.xcassets */,
				42C329901E5BE8A600B2FF84 /* LaunchScreen.storyboard */,
				42C329931E5BE8A600B2FF84 /* Info.plist */,
				42C329991E5BE90500B2FF84 /* CustomPicker.swift */,
			);
			path = CustomPicker;
			sourceTree = "<group>";
		};
/* End PBXGroup section */

/* Begin PBXNativeTarget section */
		42C329831E5BE8A600B2FF84 /* CustomPicker */ = {
			isa = PBXNativeTarget;
			buildConfigurationList = 42C329961E5BE8A600B2FF84 /* Build configuration list for PBXNativeTarget "CustomPicker" */;
			buildPhases = (
				42C329801E5BE8A600B2FF84 /* Sources */,
				42C329811E5BE8A600B2FF84 /* Frameworks */,
				42C329821E5BE8A600B2FF84 /* Resources */,
			);
			buildRules = (
			);
			dependencies = (
			);
			name = CustomPicker;
			productName = CustomPicker;
			productReference = 42C329841E5BE8A600B2FF84 /* CustomPicker.app */;
			productType = "com.apple.product-type.application";
		};
/* End PBXNativeTarget section */

/* Begin PBXProject section */
		42C3297C1E5BE8A600B2FF84 /* Project object */ = {
			isa = PBXProject;
			attributes = {
				LastSwiftUpdateCheck = 0810;
				LastUpgradeCheck = 0810;
				ORGANIZATIONNAME = TZSY;
				TargetAttributes = {
					42C329831E5BE8A600B2FF84 = {
						CreatedOnToolsVersion = 8.1;
						DevelopmentTeam = 6DVDU22WC2;
						ProvisioningStyle = Automatic;
					};
				};
			};
			buildConfigurationList = 42C3297F1E5BE8A600B2FF84 /* Build configuration list for PBXProject "CustomPicker" */;
			compatibilityVersion = "Xcode 3.2";
			developmentRegion = English;
			hasScannedForEncodings = 0;
			knownRegions = (
				en,
				Base,
			);
			mainGroup = 42C3297B1E5BE8A600B2FF84;
			productRefGroup = 42C329851E5BE8A600B2FF84 /* Products */;
			projectDirPath = "";
			projectRoot = "";
			targets = (
				42C329831E5BE8A600B2FF84 /* CustomPicker */,
			);
		};
/* End PBXProject section */

/* Begin PBXResourcesBuildPhase section */
		42C329821E5BE8A600B2FF84 /* Resources */ = {
			isa = PBXResourcesBuildPhase;
			buildActionMask = 2147483647;
			files = (
				42C329921E5BE8A600B2FF84 /* LaunchScreen.storyboard in Resources */,
				42C3298F1E5BE8A600B2FF84 /* Assets.xcassets in Resources */,
				42C3298D1E5BE8A600B2FF84 /* Main.storyboard in Resources */,
			);
			runOnlyForDeploymentPostprocessing = 0;
		};
/* End PBXResourcesBuildPhase section */

/* Begin PBXSourcesBuildPhase section */
		42C329801E5BE8A600B2FF84 /* Sources */ = {
			isa = PBXSourcesBuildPhase;
			buildActionMask = 2147483647;
			files = (
				42C3298A1E5BE8A600B2FF84 /* ViewController.swift in Sources */,
				42C329881E5BE8A600B2FF84 /* AppDelegate.swift in Sources */,
				42C3299A1E5BE90500B2FF84 /* CustomPicker.swift in Sources */,
			);
			runOnlyForDeploymentPostprocessing = 0;
		};
/* End PBXSourcesBuildPhase section */

/* Begin PBXVariantGroup section */
		42C3298B1E5BE8A600B2FF84 /* Main.storyboard */ = {
			isa = PBXVariantGroup;
			children = (
				42C3298C1E5BE8A600B2FF84 /* Base */,
			);
			name = Main.storyboard;
			sourceTree = "<group>";
		};
		42C329901E5BE8A600B2FF84 /* LaunchScreen.storyboard */ = {
			isa = PBXVariantGroup;
			children = (
				42C329911E5BE8A600B2FF84 /* Base */,
			);
			name = LaunchScreen.storyboard;
			sourceTree = "<group>";
		};
/* End PBXVariantGroup section */

/* Begin XCBuildConfiguration section */
		42C329941E5BE8A600B2FF84 /* Debug */ = {
			isa = XCBuildConfiguration;
			buildSettings = {
				ALWAYS_SEARCH_USER_PATHS = NO;
				CLANG_ANALYZER_NONNULL = YES;
				CLANG_CXX_LANGUAGE_STANDARD = "gnu++0x";
				CLANG_CXX_LIBRARY = "libc++";
				CLANG_ENABLE_MODULES = YES;
				CLANG_ENABLE_OBJC_ARC = YES;
				CLANG_WARN_BOOL_CONVERSION = YES;
				CLANG_WARN_CONSTANT_CONVERSION = YES;
				CLANG_WARN_DIRECT_OBJC_ISA_USAGE = YES_ERROR;
				CLANG_WARN_DOCUMENTATION_COMMENTS = YES;
				CLANG_WARN_EMPTY_BODY = YES;
				CLANG_WARN_ENUM_CONVERSION = YES;
				CLANG_WARN_INFINITE_RECURSION = YES;
				CLANG_WARN_INT_CONVERSION = YES;
				CLANG_WARN_OBJC_ROOT_CLASS = YES_ERROR;
				CLANG_WARN_SUSPICIOUS_MOVES = YES;
				CLANG_WARN_UNREACHABLE_CODE = YES;
				CLANG_WARN__DUPLICATE_METHOD_MATCH = YES;
				"CODE_SIGN_IDENTITY[sdk=iphoneos*]" = "iPhone Developer";
				COPY_PHASE_STRIP = NO;
				DEBUG_INFORMATION_FORMAT = dwarf;
				ENABLE_STRICT_OBJC_MSGSEND = YES;
				ENABLE_TESTABILITY = YES;
				GCC_C_LANGUAGE_STANDARD = gnu99;
				GCC_DYNAMIC_NO_PIC = NO;
				GCC_NO_COMMON_BLOCKS = YES;
				GCC_OPTIMIZATION_LEVEL = 0;
				GCC_PREPROCESSOR_DEFINITIONS = (
					"DEBUG=1",
					"$(inherited)",
				);
				GCC_WARN_64_TO_32_BIT_CONVERSION = YES;
				GCC_WARN_ABOUT_RETURN_TYPE = YES_ERROR;
				GCC_WARN_UNDECLARED_SELECTOR = YES;
				GCC_WARN_UNINITIALIZED_AUTOS = YES_AGGRESSIVE;
				GCC_WARN_UNUSED_FUNCTION = YES;
				GCC_WARN_UNUSED_VARIABLE = YES;
				IPHONEOS_DEPLOYMENT_TARGET = 10.1;
				MTL_ENABLE_DEBUG_INFO = YES;
				ONLY_ACTIVE_ARCH = YES;
				SDKROOT = iphoneos;
				SWIFT_ACTIVE_COMPILATION_CONDITIONS = DEBUG;
				SWIFT_OPTIMIZATION_LEVEL = "-Onone";
			};
			name = Debug;
		};
		42C329951E5BE8A600B2FF84 /* Release */ = {
			isa = XCBuildConfiguration;
			buildSettings = {
				ALWAYS_SEARCH_USER_PATHS = NO;
				CLANG_ANALYZER_NONNULL = YES;
				CLANG_CXX_LANGUAGE_STANDARD = "gnu++0x";
				CLANG_CXX_LIBRARY = "libc++";
				CLANG_ENABLE_MODULES = YES;
				CLANG_ENABLE_OBJC_ARC = YES;
				CLANG_WARN_BOOL_CONVERSION = YES;
				CLANG_WARN_CONSTANT_CONVERSION = YES;
				CLANG_WARN_DIRECT_OBJC_ISA_USAGE = YES_ERROR;
				CLANG_WARN_DOCUMENTATION_COMMENTS = YES;
				CLANG_WARN_EMPTY_BODY = YES;
				CLANG_WARN_ENUM_CONVERSION = YES;
				CLANG_WARN_INFINITE_RECURSION = YES;
				CLANG_WARN_INT_CONVERSION = YES;
				CLANG_WARN_OBJC_ROOT_CLASS = YES_ERROR;
				CLANG_WARN_SUSPICIOUS_MOVES = YES;
				CLANG_WARN_UNREACHABLE_CODE = YES;
				CLANG_WARN__DUPLICATE_METHOD_MATCH = YES;
				"CODE_SIGN_IDENTITY[sdk=iphoneos*]" = "iPhone Developer";
				COPY_PHASE_STRIP = NO;
				DEBUG_INFORMATION_FORMAT = "dwarf-with-dsym";
				ENABLE_NS_ASSERTIONS = NO;
				ENABLE_STRICT_OBJC_MSGSEND = YES;
				GCC_C_LANGUAGE_STANDARD = gnu99;
				GCC_NO_COMMON_BLOCKS = YES;
				GCC_WARN_64_TO_32_BIT_CONVERSION = YES;
				GCC_WARN_ABOUT_RETURN_TYPE = YES_ERROR;
				GCC_WARN_UNDECLARED_SELECTOR = YES;
				GCC_WARN_UNINITIALIZED_AUTOS = YES_AGGRESSIVE;
				GCC_WARN_UNUSED_FUNCTION = YES;
				GCC_WARN_UNUSED_VARIABLE = YES;
				IPHONEOS_DEPLOYMENT_TARGET = 10.1;
				MTL_ENABLE_DEBUG_INFO = NO;
				SDKROOT = iphoneos;
				SWIFT_OPTIMIZATION_LEVEL = "-Owholemodule";
				VALIDATE_PRODUCT = YES;
			};
			name = Release;
		};
		42C329971E5BE8A600B2FF84 /* Debug */ = {
			isa = XCBuildConfiguration;
			buildSettings = {
				ASSETCATALOG_COMPILER_APPICON_NAME = AppIcon;
				DEVELOPMENT_TEAM = 6DVDU22WC2;
				INFOPLIST_FILE = CustomPicker/Info.plist;
				LD_RUNPATH_SEARCH_PATHS = "$(inherited) @executable_path/Frameworks";
				PRODUCT_BUNDLE_IDENTIFIER = TZSY.CustomPicker;
				PRODUCT_NAME = "$(TARGET_NAME)";
				SWIFT_VERSION = 3.0;
			};
			name = Debug;
		};
		42C329981E5BE8A600B2FF84 /* Release */ = {
			isa = XCBuildConfiguration;
			buildSettings = {
				ASSETCATALOG_COMPILER_APPICON_NAME = AppIcon;
				DEVELOPMENT_TEAM = 6DVDU22WC2;
				INFOPLIST_FILE = CustomPicker/Info.plist;
				LD_RUNPATH_SEARCH_PATHS = "$(inherited) @executable_path/Frameworks";
				PRODUCT_BUNDLE_IDENTIFIER = TZSY.CustomPicker;
				PRODUCT_NAME = "$(TARGET_NAME)";
				SWIFT_VERSION = 3.0;
			};
			name = Release;
		};
/* End XCBuildConfiguration section */

/* Begin XCConfigurationList section */
		42C3297F1E5BE8A600B2FF84 /* Build configuration list for PBXProject "CustomPicker" */ = {
			isa = XCConfigurationList;
			buildConfigurations = (
				42C329941E5BE8A600B2FF84 /* Debug */,
				42C329951E5BE8A600B2FF84 /* Release */,
			);
			defaultConfigurationIsVisible = 0;
			defaultConfigurationName = Release;
		};
		42C329961E5BE8A600B2FF84 /* Build configuration list for PBXNativeTarget "CustomPicker" */ = {
			isa = XCConfigurationList;
			buildConfigurations = (
				42C329971E5BE8A600B2FF84 /* Debug */,
				42C329981E5BE8A600B2FF84 /* Release */,
			);
			defaultConfigurationIsVisible = 0;
		};
/* End XCConfigurationList section */
	};
	rootObject = 42C3297C1E5BE8A600B2FF84 /* Project object */;
}
